
Microsoft Visual Studio Solution File, Format Version 12.00
# Visual Studio Version 17
VisualStudioVersion = 17.0.31903.59
MinimumVisualStudioVersion = 10.0.40219.1
Project("{9A19103F-16F7-4668-BE54-9A1E7A4F7556}") = "SimpleWebApi", "SimpleWebApi\SimpleWebApi.csproj", "{885357F5-9CFE-44D9-A08D-C32B03DD646B}"
EndProject
Project("{2150E333-8FDC-42A3-9474-1A3956D46DE8}") = "Solution Items", "Solution Items", "{382CF999-D652-40E0-B90D-FCD12F810B44}"
	ProjectSection(SolutionItems) = preProject
		.gitignore = .gitignore
		Dockerfile = Dockerfile
		README.md = README.md
	EndProjectSection
EndProject
Global
	GlobalSection(SolutionConfigurationPlatforms) = preSolution
		Debug|Any CPU = Debug|Any CPU
		Debug|x64 = Debug|x64
		Debug|x86 = Debug|x86
		Release|Any CPU = Release|Any CPU
		Release|x64 = Release|x64
		Release|x86 = Release|x86
	EndGlobalSection
	GlobalSection(ProjectConfigurationPlatforms) = postSolution
		{885357F5-9CFE-44D9-A08D-C32B03DD646B}.Debug|Any CPU.ActiveCfg = Debug|Any CPU
		{885357F5-9CFE-44D9-A08D-C32B03DD646B}.Debug|Any CPU.Build.0 = Debug|Any CPU
		{885357F5-9CFE-44D9-A08D-C32B03DD646B}.Debug|x64.ActiveCfg = Debug|Any CPU
		{885357F5-9CFE-44D9-A08D-C32B03DD646B}.Debug|x64.Build.0 = Debug|Any CPU
		{885357F5-9CFE-44D9-A08D-C32B03DD646B}.Debug|x86.ActiveCfg = Debug|Any CPU
		{885357F5-9CFE-44D9-A08D-C32B03DD646B}.Debug|x86.Build.0 = Debug|Any CPU
		{885357F5-9CFE-44D9-A08D-C32B03DD646B}.Release|Any CPU.ActiveCfg = Release|Any CPU
		{885357F5-9CFE-44D9-A08D-C32B03DD646B}.Release|Any CPU.Build.0 = Release|Any CPU
		{885357F5-9CFE-44D9-A08D-C32B03DD646B}.Release|x64.ActiveCfg = Release|Any CPU
		{885357F5-9CFE-44D9-A08D-C32B03DD646B}.Release|x64.Build.0 = Release|Any CPU
		{885357F5-9CFE-44D9-A08D-C32B03DD646B}.Release|x86.ActiveCfg = Release|Any CPU
		{885357F5-9CFE-44D9-A08D-C32B03DD646B}.Release|x86.Build.0 = Release|Any CPU
	EndGlobalSection
	GlobalSection(SolutionProperties) = preSolution
		HideSolutionNode = FALSE
	EndGlobalSection
	GlobalSection(ExtensibilityGlobals) = postSolution
		SolutionGuid = {B2FF30F9-C5C4-4155-B3D8-F286138961C2}
	EndGlobalSection
EndGlobal
